
Microsoft Visual Studio Solution File, Format Version 12.00
# Visual Studio 15
VisualStudioVersion = 15.0.28307.852
MinimumVisualStudioVersion = 10.0.40219.1
Project("{FAE04EC0-301F-11D3-BF4B-00C04F79EFBC}") = "CustomerProductPropsClasses", "CustomerProductPropsClasses\CustomerProductPropsClasses.csproj", "{50D46B6B-F691-4038-9328-5D1D040898D8}"
EndProject
Project("{FAE04EC0-301F-11D3-BF4B-00C04F79EFBC}") = "ToolsCSharp", "FrameworkLibrary\ToolsCSharp\ToolsCSharp.csproj", "{7F06622A-845C-4B38-9E3F-521189851BBD}"
EndProject
Project("{FAE04EC0-301F-11D3-BF4B-00C04F79EFBC}") = "CustomerTests", "CustomerTests\CustomerTests.csproj", "{C011D896-432C-4C26-B9EE-59ADE8A04D4D}"
EndProject
Project("{FAE04EC0-301F-11D3-BF4B-00C04F79EFBC}") = "ProductTests", "ProductTests\ProductTests.csproj", "{9D083173-F2B6-4579-8217-652F77033EAE}"
EndProject
Project("{FAE04EC0-301F-11D3-BF4B-00C04F79EFBC}") = "CustomerProductDBClasses", "CustomerProductDBClasses\CustomerProductDBClasses.csproj", "{C134FAAC-D4D5-41D0-95D4-347C08BF02F1}"
EndProject
Project("{FAE04EC0-301F-11D3-BF4B-00C04F79EFBC}") = "CustomerProductClasses", "CustomerProductClasses\CustomerProductClasses.csproj", "{36384194-19C4-47AA-B606-D216B7D6E77F}"
EndProject
Global
	GlobalSection(SolutionConfigurationPlatforms) = preSolution
		Debug|Any CPU = Debug|Any CPU
		Release|Any CPU = Release|Any CPU
	EndGlobalSection
	GlobalSection(ProjectConfigurationPlatforms) = postSolution
		{50D46B6B-F691-4038-9328-5D1D040898D8}.Debug|Any CPU.ActiveCfg = Debug|Any CPU
		{50D46B6B-F691-4038-9328-5D1D040898D8}.Debug|Any CPU.Build.0 = Debug|Any CPU
		{50D46B6B-F691-4038-9328-5D1D040898D8}.Release|Any CPU.ActiveCfg = Release|Any CPU
		{50D46B6B-F691-4038-9328-5D1D040898D8}.Release|Any CPU.Build.0 = Release|Any CPU
		{7F06622A-845C-4B38-9E3F-521189851BBD}.Debug|Any CPU.ActiveCfg = Debug|Any CPU
		{7F06622A-845C-4B38-9E3F-521189851BBD}.Debug|Any CPU.Build.0 = Debug|Any CPU
		{7F06622A-845C-4B38-9E3F-521189851BBD}.Release|Any CPU.ActiveCfg = Release|Any CPU
		{7F06622A-845C-4B38-9E3F-521189851BBD}.Release|Any CPU.Build.0 = Release|Any CPU
		{C011D896-432C-4C26-B9EE-59ADE8A04D4D}.Debug|Any CPU.ActiveCfg = Debug|Any CPU
		{C011D896-432C-4C26-B9EE-59ADE8A04D4D}.Debug|Any CPU.Build.0 = Debug|Any CPU
		{C011D896-432C-4C26-B9EE-59ADE8A04D4D}.Release|Any CPU.ActiveCfg = Release|Any CPU
		{C011D896-432C-4C26-B9EE-59ADE8A04D4D}.Release|Any CPU.Build.0 = Release|Any CPU
		{9D083173-F2B6-4579-8217-652F77033EAE}.Debug|Any CPU.ActiveCfg = Debug|Any CPU
		{9D083173-F2B6-4579-8217-652F77033EAE}.Debug|Any CPU.Build.0 = Debug|Any CPU
		{9D083173-F2B6-4579-8217-652F77033EAE}.Release|Any CPU.ActiveCfg = Release|Any CPU
		{9D083173-F2B6-4579-8217-652F77033EAE}.Release|Any CPU.Build.0 = Release|Any CPU
		{C134FAAC-D4D5-41D0-95D4-347C08BF02F1}.Debug|Any CPU.ActiveCfg = Debug|Any CPU
		{C134FAAC-D4D5-41D0-95D4-347C08BF02F1}.Debug|Any CPU.Build.0 = Debug|Any CPU
		{C134FAAC-D4D5-41D0-95D4-347C08BF02F1}.Release|Any CPU.ActiveCfg = Release|Any CPU
		{C134FAAC-D4D5-41D0-95D4-347C08BF02F1}.Release|Any CPU.Build.0 = Release|Any CPU
		{36384194-19C4-47AA-B606-D216B7D6E77F}.Debug|Any CPU.ActiveCfg = Debug|Any CPU
		{36384194-19C4-47AA-B606-D216B7D6E77F}.Debug|Any CPU.Build.0 = Debug|Any CPU
		{36384194-19C4-47AA-B606-D216B7D6E77F}.Release|Any CPU.ActiveCfg = Release|Any CPU
		{36384194-19C4-47AA-B606-D216B7D6E77F}.Release|Any CPU.Build.0 = Release|Any CPU
	EndGlobalSection
	GlobalSection(SolutionProperties) = preSolution
		HideSolutionNode = FALSE
	EndGlobalSection
	GlobalSection(ExtensibilityGlobals) = postSolution
		SolutionGuid = {6C4F39AB-CB85-4416-9F0C-A9712FB0A8B9}
	EndGlobalSection
EndGlobal
